
Microsoft Visual Studio Solution File, Format Version 12.00
# Visual Studio Version 17
VisualStudioVersion = 17.6.33723.286
MinimumVisualStudioVersion = 10.0.40219.1
Project("{FAE04EC0-301F-11D3-BF4B-00C04F79EFBC}") = "DesingPatterns", "DesingPatterns\DesingPatterns.csproj", "{A022F85E-1AC5-420D-ADF9-29CD5D3598FC}"
EndProject
Global
	GlobalSection(SolutionConfigurationPlatforms) = preSolution
		Debug|Any CPU = Debug|Any CPU
		Release|Any CPU = Release|Any CPU
	EndGlobalSection
	GlobalSection(ProjectConfigurationPlatforms) = postSolution
		{A022F85E-1AC5-420D-ADF9-29CD5D3598FC}.Debug|Any CPU.ActiveCfg = Debug|Any CPU
		{A022F85E-1AC5-420D-ADF9-29CD5D3598FC}.Debug|Any CPU.Build.0 = Debug|Any CPU
		{A022F85E-1AC5-420D-ADF9-29CD5D3598FC}.Release|Any CPU.ActiveCfg = Release|Any CPU
		{A022F85E-1AC5-420D-ADF9-29CD5D3598FC}.Release|Any CPU.Build.0 = Release|Any CPU
	EndGlobalSection
	GlobalSection(SolutionProperties) = preSolution
		HideSolutionNode = FALSE
	EndGlobalSection
	GlobalSection(ExtensibilityGlobals) = postSolution
		SolutionGuid = {7A25A732-A67B-42BA-BB7B-F52576AFED55}
	EndGlobalSection
EndGlobal
